
Microsoft Visual Studio Solution File, Format Version 12.00
# Visual Studio Version 16
VisualStudioVersion = 16.0.29215.179
MinimumVisualStudioVersion = 10.0.40219.1
Project("{FAE04EC0-301F-11D3-BF4B-00C04F79EFBC}") = "GitSharingApp", "GitSharingApp.csproj", "{E01BDA4B-6579-4037-A651-7B010AA64FEB}"
EndProject
Global
	GlobalSection(SolutionConfigurationPlatforms) = preSolution
		Debug|Any CPU = Debug|Any CPU
		Release|Any CPU = Release|Any CPU
	EndGlobalSection
	GlobalSection(ProjectConfigurationPlatforms) = postSolution
		{E01BDA4B-6579-4037-A651-7B010AA64FEB}.Debug|Any CPU.ActiveCfg = Debug|Any CPU
		{E01BDA4B-6579-4037-A651-7B010AA64FEB}.Debug|Any CPU.Build.0 = Debug|Any CPU
		{E01BDA4B-6579-4037-A651-7B010AA64FEB}.Release|Any CPU.ActiveCfg = Release|Any CPU
		{E01BDA4B-6579-4037-A651-7B010AA64FEB}.Release|Any CPU.Build.0 = Release|Any CPU
	EndGlobalSection
	GlobalSection(SolutionProperties) = preSolution
		HideSolutionNode = FALSE
	EndGlobalSection
	GlobalSection(ExtensibilityGlobals) = postSolution
		SolutionGuid = {3659F9A2-A03A-4926-8E9D-32E21987FEC0}
	EndGlobalSection
EndGlobal
